
Microsoft Visual Studio Solution File, Format Version 12.00
Project("{FAE04EC0-301F-11D3-BF4B-00C04F79EFBC}") = "Homework", "Homework\Homework.csproj", "{77ECE8BB-E670-4D09-8A0D-61711C4F4A7A}"
EndProject
Global
	GlobalSection(SolutionConfigurationPlatforms) = preSolution
		Debug|Any CPU = Debug|Any CPU
		Release|Any CPU = Release|Any CPU
	EndGlobalSection
	GlobalSection(ProjectConfigurationPlatforms) = postSolution
		{77ECE8BB-E670-4D09-8A0D-61711C4F4A7A}.Debug|Any CPU.ActiveCfg = Debug|Any CPU
		{77ECE8BB-E670-4D09-8A0D-61711C4F4A7A}.Debug|Any CPU.Build.0 = Debug|Any CPU
		{77ECE8BB-E670-4D09-8A0D-61711C4F4A7A}.Release|Any CPU.ActiveCfg = Release|Any CPU
		{77ECE8BB-E670-4D09-8A0D-61711C4F4A7A}.Release|Any CPU.Build.0 = Release|Any CPU
	EndGlobalSection
EndGlobal
